
Microsoft Visual Studio Solution File, Format Version 12.00
# Visual Studio Version 17
VisualStudioVersion = 17.3.32825.248
MinimumVisualStudioVersion = 10.0.40219.1
Project("{FAE04EC0-301F-11D3-BF4B-00C04F79EFBC}") = "DockerDemo", "DockerDemo.csproj", "{0AEF3F3A-8FBC-4553-BC1E-318195074D5D}"
EndProject
Global
	GlobalSection(SolutionConfigurationPlatforms) = preSolution
		Debug|Any CPU = Debug|Any CPU
		Release|Any CPU = Release|Any CPU
	EndGlobalSection
	GlobalSection(ProjectConfigurationPlatforms) = postSolution
		{0AEF3F3A-8FBC-4553-BC1E-318195074D5D}.Debug|Any CPU.ActiveCfg = Debug|Any CPU
		{0AEF3F3A-8FBC-4553-BC1E-318195074D5D}.Debug|Any CPU.Build.0 = Debug|Any CPU
		{0AEF3F3A-8FBC-4553-BC1E-318195074D5D}.Release|Any CPU.ActiveCfg = Release|Any CPU
		{0AEF3F3A-8FBC-4553-BC1E-318195074D5D}.Release|Any CPU.Build.0 = Release|Any CPU
	EndGlobalSection
	GlobalSection(SolutionProperties) = preSolution
		HideSolutionNode = FALSE
	EndGlobalSection
	GlobalSection(ExtensibilityGlobals) = postSolution
		SolutionGuid = {C15F8989-C6C0-4D0F-AACC-A5F42F5C93E7}
	EndGlobalSection
EndGlobal
